// !$*UTF8*$!
{
	archiveVersion = 1;
	classes = {
	};
	objectVersion = 55;
	objects = {

/* Begin PBXBuildFile section */
		4F01E4DB272FD9A200785744 /* UIView+IBInspectable.swift in Sources */ = {isa = PBXBuildFile; fileRef = 4F01E4DA272FD9A200785744 /* UIView+IBInspectable.swift */; };
		4F2AE03227426577006785E4 /* UIViewController+makeAlert.swift in Sources */ = {isa = PBXBuildFile; fileRef = 4F2AE03127426577006785E4 /* UIViewController+makeAlert.swift */; };
		4F4256E1272217870001F62E /* TabBar.storyboard in Resources */ = {isa = PBXBuildFile; fileRef = 4F4256E0272217870001F62E /* TabBar.storyboard */; };
		4F4256E52722184B0001F62E /* TBC.swift in Sources */ = {isa = PBXBuildFile; fileRef = 4F4256E42722184B0001F62E /* TBC.swift */; };
		4F4256EE27221A7F0001F62E /* Home.storyboard in Resources */ = {isa = PBXBuildFile; fileRef = 4F4256ED27221A7F0001F62E /* Home.storyboard */; };
		4F4256F02722202D0001F62E /* HomeVC.swift in Sources */ = {isa = PBXBuildFile; fileRef = 4F4256EF2722202D0001F62E /* HomeVC.swift */; };
		4F4256F5272221650001F62E /* ShortsVC.swift in Sources */ = {isa = PBXBuildFile; fileRef = 4F4256F4272221650001F62E /* ShortsVC.swift */; };
		4F4256F7272221740001F62E /* Shorts.storyboard in Resources */ = {isa = PBXBuildFile; fileRef = 4F4256F6272221740001F62E /* Shorts.storyboard */; };
		4F4256FE2722246B0001F62E /* Add.storyboard in Resources */ = {isa = PBXBuildFile; fileRef = 4F4256FD2722246B0001F62E /* Add.storyboard */; };
		4F425700272224970001F62E /* AddVC.swift in Sources */ = {isa = PBXBuildFile; fileRef = 4F4256FF272224970001F62E /* AddVC.swift */; };
		4F4257052722263F0001F62E /* SubscriptionsVC.swift in Sources */ = {isa = PBXBuildFile; fileRef = 4F4257042722263F0001F62E /* SubscriptionsVC.swift */; };
		4F4257072722264F0001F62E /* Subscriptions.storyboard in Resources */ = {isa = PBXBuildFile; fileRef = 4F4257062722264F0001F62E /* Subscriptions.storyboard */; };
		4F42570C272228C10001F62E /* LibraryVC.swift in Sources */ = {isa = PBXBuildFile; fileRef = 4F42570B272228C10001F62E /* LibraryVC.swift */; };
		4F42570E272228D10001F62E /* Library.storyboard in Resources */ = {isa = PBXBuildFile; fileRef = 4F42570D272228D10001F62E /* Library.storyboard */; };
		4F819C44272BCA6B008B41DD /* ThumbnailTVC.swift in Sources */ = {isa = PBXBuildFile; fileRef = 4F819C42272BCA6B008B41DD /* ThumbnailTVC.swift */; };
		4F819C45272BCA6B008B41DD /* ThumbnailTVC.xib in Resources */ = {isa = PBXBuildFile; fileRef = 4F819C43272BCA6B008B41DD /* ThumbnailTVC.xib */; };
		4F819C48272BD1B2008B41DD /* Thumbnail.swift in Sources */ = {isa = PBXBuildFile; fileRef = 4F819C47272BD1B2008B41DD /* Thumbnail.swift */; };
		4F819C4A272BD8CF008B41DD /* HomeManager.swift in Sources */ = {isa = PBXBuildFile; fileRef = 4F819C49272BD8CF008B41DD /* HomeManager.swift */; };
		4F819C4E272BE38C008B41DD /* HomeVC+TableView.swift in Sources */ = {isa = PBXBuildFile; fileRef = 4F819C4D272BE38C008B41DD /* HomeVC+TableView.swift */; };
		4F819C51272BF03D008B41DD /* ChannelCVC.swift in Sources */ = {isa = PBXBuildFile; fileRef = 4F819C4F272BF03D008B41DD /* ChannelCVC.swift */; };
		4F819C52272BF03D008B41DD /* ChannelCVC.xib in Resources */ = {isa = PBXBuildFile; fileRef = 4F819C50272BF03D008B41DD /* ChannelCVC.xib */; };
		4F819C54272BF20D008B41DD /* Channel.swift in Sources */ = {isa = PBXBuildFile; fileRef = 4F819C53272BF20D008B41DD /* Channel.swift */; };
		4F819C56272BF4EA008B41DD /* HomeVC+CollectionView.swift in Sources */ = {isa = PBXBuildFile; fileRef = 4F819C55272BF4EA008B41DD /* HomeVC+CollectionView.swift */; };
		4F838C92272DA871008D4DFB /* Tag.swift in Sources */ = {isa = PBXBuildFile; fileRef = 4F838C91272DA871008D4DFB /* Tag.swift */; };
		4F838C95272DA98E008D4DFB /* CellProtocol.swift in Sources */ = {isa = PBXBuildFile; fileRef = 4F838C94272DA98E008D4DFB /* CellProtocol.swift */; };
		4F838C9A272DAEF0008D4DFB /* TagCVC.swift in Sources */ = {isa = PBXBuildFile; fileRef = 4F838C98272DAEF0008D4DFB /* TagCVC.swift */; };
		4F838C9B272DAEF0008D4DFB /* TagCVC.xib in Resources */ = {isa = PBXBuildFile; fileRef = 4F838C99272DAEF0008D4DFB /* TagCVC.xib */; };
		4F838C9D272DB2C4008D4DFB /* ChannelManger.swift in Sources */ = {isa = PBXBuildFile; fileRef = 4F838C9C272DB2C3008D4DFB /* ChannelManger.swift */; };
		4F838C9F272DB2EA008D4DFB /* ThumbnailManager.swift in Sources */ = {isa = PBXBuildFile; fileRef = 4F838C9E272DB2EA008D4DFB /* ThumbnailManager.swift */; };
		4F838CA1272DB481008D4DFB /* TagManager.swift in Sources */ = {isa = PBXBuildFile; fileRef = 4F838CA0272DB481008D4DFB /* TagManager.swift */; };
		4FB8EFC82741037300A5BB7E /* APIConstants.swift in Sources */ = {isa = PBXBuildFile; fileRef = 4FB8EFC72741037300A5BB7E /* APIConstants.swift */; };
		4FB8EFCD2741055200A5BB7E /* UserSignService.swift in Sources */ = {isa = PBXBuildFile; fileRef = 4FB8EFCC2741055200A5BB7E /* UserSignService.swift */; };
		4FB8EFCF2741060C00A5BB7E /* NetworkError.swift in Sources */ = {isa = PBXBuildFile; fileRef = 4FB8EFCE2741060C00A5BB7E /* NetworkError.swift */; };
		4FB8EFD12741262500A5BB7E /* AuthRequest.swift in Sources */ = {isa = PBXBuildFile; fileRef = 4FB8EFD02741262500A5BB7E /* AuthRequest.swift */; };
		4FB8EFD32741263A00A5BB7E /* AuthResponse.swift in Sources */ = {isa = PBXBuildFile; fileRef = 4FB8EFD22741263A00A5BB7E /* AuthResponse.swift */; };
		4FD1827E270DD75700BC7DE2 /* AppDelegate.swift in Sources */ = {isa = PBXBuildFile; fileRef = 4FD1827D270DD75700BC7DE2 /* AppDelegate.swift */; };
		4FD18280270DD75700BC7DE2 /* SceneDelegate.swift in Sources */ = {isa = PBXBuildFile; fileRef = 4FD1827F270DD75700BC7DE2 /* SceneDelegate.swift */; };
		4FD18282270DD75700BC7DE2 /* LoginVC.swift in Sources */ = {isa = PBXBuildFile; fileRef = 4FD18281270DD75700BC7DE2 /* LoginVC.swift */; };
		4FD18285270DD75700BC7DE2 /* Main.storyboard in Resources */ = {isa = PBXBuildFile; fileRef = 4FD18283270DD75700BC7DE2 /* Main.storyboard */; };
		4FD18287270DD75900BC7DE2 /* Assets.xcassets in Resources */ = {isa = PBXBuildFile; fileRef = 4FD18286270DD75900BC7DE2 /* Assets.xcassets */; };
		4FD1828A270DD75900BC7DE2 /* LaunchScreen.storyboard in Resources */ = {isa = PBXBuildFile; fileRef = 4FD18288270DD75900BC7DE2 /* LaunchScreen.storyboard */; };
		4FD182B627104CFB00BC7DE2 /* SignUpVC.swift in Sources */ = {isa = PBXBuildFile; fileRef = 4FD182B527104CFB00BC7DE2 /* SignUpVC.swift */; };
		4FD182B82710658E00BC7DE2 /* CompleteVC.swift in Sources */ = {isa = PBXBuildFile; fileRef = 4FD182B72710658E00BC7DE2 /* CompleteVC.swift */; };
		4FDDACC22775F50E004DBF03 /* DetailContent.storyboard in Resources */ = {isa = PBXBuildFile; fileRef = 4FDDACC12775F50E004DBF03 /* DetailContent.storyboard */; };
		4FDDACC42775F5D0004DBF03 /* DetailContentVC.swift in Sources */ = {isa = PBXBuildFile; fileRef = 4FDDACC32775F5D0004DBF03 /* DetailContentVC.swift */; };
		4FDDACC62775F941004DBF03 /* DetailContent.swift in Sources */ = {isa = PBXBuildFile; fileRef = 4FDDACC52775F941004DBF03 /* DetailContent.swift */; };
		4FDDACC827760078004DBF03 /* PresentView.swift in Sources */ = {isa = PBXBuildFile; fileRef = 4FDDACC727760078004DBF03 /* PresentView.swift */; };
/* End PBXBuildFile section */

/* Begin PBXFileReference section */
		4F01E4DA272FD9A200785744 /* UIView+IBInspectable.swift */ = {isa = PBXFileReference; lastKnownFileType = sourcecode.swift; path = "UIView+IBInspectable.swift"; sourceTree = "<group>"; };
		4F2AE03127426577006785E4 /* UIViewController+makeAlert.swift */ = {isa = PBXFileReference; lastKnownFileType = sourcecode.swift; path = "UIViewController+makeAlert.swift"; sourceTree = "<group>"; };
		4F4256E0272217870001F62E /* TabBar.storyboard */ = {isa = PBXFileReference; lastKnownFileType = file.storyboard; path = TabBar.storyboard; sourceTree = "<group>"; };
		4F4256E42722184B0001F62E /* TBC.swift */ = {isa = PBXFileReference; lastKnownFileType = sourcecode.swift; path = TBC.swift; sourceTree = "<group>"; };
		4F4256ED27221A7F0001F62E /* Home.storyboard */ = {isa = PBXFileReference; lastKnownFileType = file.storyboard; path = Home.storyboard; sourceTree = "<group>"; };
		4F4256EF2722202D0001F62E /* HomeVC.swift */ = {isa = PBXFileReference; lastKnownFileType = sourcecode.swift; path = HomeVC.swift; sourceTree = "<group>"; };
		4F4256F4272221650001F62E /* ShortsVC.swift */ = {isa = PBXFileReference; lastKnownFileType = sourcecode.swift; path = ShortsVC.swift; sourceTree = "<group>"; };
		4F4256F6272221740001F62E /* Shorts.storyboard */ = {isa = PBXFileReference; lastKnownFileType = file.storyboard; path = Shorts.storyboard; sourceTree = "<group>"; };
		4F4256FD2722246B0001F62E /* Add.storyboard */ = {isa = PBXFileReference; lastKnownFileType = file.storyboard; path = Add.storyboard; sourceTree = "<group>"; };
		4F4256FF272224970001F62E /* AddVC.swift */ = {isa = PBXFileReference; lastKnownFileType = sourcecode.swift; path = AddVC.swift; sourceTree = "<group>"; };
		4F4257042722263F0001F62E /* SubscriptionsVC.swift */ = {isa = PBXFileReference; lastKnownFileType = sourcecode.swift; path = SubscriptionsVC.swift; sourceTree = "<group>"; };
		4F4257062722264F0001F62E /* Subscriptions.storyboard */ = {isa = PBXFileReference; lastKnownFileType = file.storyboard; path = Subscriptions.storyboard; sourceTree = "<group>"; };
		4F42570B272228C10001F62E /* LibraryVC.swift */ = {isa = PBXFileReference; lastKnownFileType = sourcecode.swift; path = LibraryVC.swift; sourceTree = "<group>"; };
		4F42570D272228D10001F62E /* Library.storyboard */ = {isa = PBXFileReference; lastKnownFileType = file.storyboard; path = Library.storyboard; sourceTree = "<group>"; };
		4F819C42272BCA6B008B41DD /* ThumbnailTVC.swift */ = {isa = PBXFileReference; lastKnownFileType = sourcecode.swift; path = ThumbnailTVC.swift; sourceTree = "<group>"; };
		4F819C43272BCA6B008B41DD /* ThumbnailTVC.xib */ = {isa = PBXFileReference; lastKnownFileType = file.xib; path = ThumbnailTVC.xib; sourceTree = "<group>"; };
		4F819C47272BD1B2008B41DD /* Thumbnail.swift */ = {isa = PBXFileReference; lastKnownFileType = sourcecode.swift; path = Thumbnail.swift; sourceTree = "<group>"; };
		4F819C49272BD8CF008B41DD /* HomeManager.swift */ = {isa = PBXFileReference; lastKnownFileType = sourcecode.swift; path = HomeManager.swift; sourceTree = "<group>"; };
		4F819C4D272BE38C008B41DD /* HomeVC+TableView.swift */ = {isa = PBXFileReference; lastKnownFileType = sourcecode.swift; path = "HomeVC+TableView.swift"; sourceTree = "<group>"; };
		4F819C4F272BF03D008B41DD /* ChannelCVC.swift */ = {isa = PBXFileReference; lastKnownFileType = sourcecode.swift; path = ChannelCVC.swift; sourceTree = "<group>"; };
		4F819C50272BF03D008B41DD /* ChannelCVC.xib */ = {isa = PBXFileReference; lastKnownFileType = file.xib; path = ChannelCVC.xib; sourceTree = "<group>"; };
		4F819C53272BF20D008B41DD /* Channel.swift */ = {isa = PBXFileReference; lastKnownFileType = sourcecode.swift; path = Channel.swift; sourceTree = "<group>"; };
		4F819C55272BF4EA008B41DD /* HomeVC+CollectionView.swift */ = {isa = PBXFileReference; lastKnownFileType = sourcecode.swift; path = "HomeVC+CollectionView.swift"; sourceTree = "<group>"; };
		4F838C91272DA871008D4DFB /* Tag.swift */ = {isa = PBXFileReference; lastKnownFileType = sourcecode.swift; path = Tag.swift; sourceTree = "<group>"; };
		4F838C94272DA98E008D4DFB /* CellProtocol.swift */ = {isa = PBXFileReference; lastKnownFileType = sourcecode.swift; path = CellProtocol.swift; sourceTree = "<group>"; };
		4F838C98272DAEF0008D4DFB /* TagCVC.swift */ = {isa = PBXFileReference; lastKnownFileType = sourcecode.swift; path = TagCVC.swift; sourceTree = "<group>"; };
		4F838C99272DAEF0008D4DFB /* TagCVC.xib */ = {isa = PBXFileReference; lastKnownFileType = file.xib; path = TagCVC.xib; sourceTree = "<group>"; };
		4F838C9C272DB2C3008D4DFB /* ChannelManger.swift */ = {isa = PBXFileReference; lastKnownFileType = sourcecode.swift; path = ChannelManger.swift; sourceTree = "<group>"; };
		4F838C9E272DB2EA008D4DFB /* ThumbnailManager.swift */ = {isa = PBXFileReference; lastKnownFileType = sourcecode.swift; path = ThumbnailManager.swift; sourceTree = "<group>"; };
		4F838CA0272DB481008D4DFB /* TagManager.swift */ = {isa = PBXFileReference; lastKnownFileType = sourcecode.swift; path = TagManager.swift; sourceTree = "<group>"; };
		4FB8EFC72741037300A5BB7E /* APIConstants.swift */ = {isa = PBXFileReference; lastKnownFileType = sourcecode.swift; path = APIConstants.swift; sourceTree = "<group>"; };
		4FB8EFCA274103D300A5BB7E /* Debug.xcconfig */ = {isa = PBXFileReference; lastKnownFileType = text.xcconfig; path = Debug.xcconfig; sourceTree = "<group>"; };
		4FB8EFCC2741055200A5BB7E /* UserSignService.swift */ = {isa = PBXFileReference; lastKnownFileType = sourcecode.swift; path = UserSignService.swift; sourceTree = "<group>"; };
		4FB8EFCE2741060C00A5BB7E /* NetworkError.swift */ = {isa = PBXFileReference; lastKnownFileType = sourcecode.swift; path = NetworkError.swift; sourceTree = "<group>"; };
		4FB8EFD02741262500A5BB7E /* AuthRequest.swift */ = {isa = PBXFileReference; lastKnownFileType = sourcecode.swift; path = AuthRequest.swift; sourceTree = "<group>"; };
		4FB8EFD22741263A00A5BB7E /* AuthResponse.swift */ = {isa = PBXFileReference; lastKnownFileType = sourcecode.swift; path = AuthResponse.swift; sourceTree = "<group>"; };
		4FD1827A270DD75700BC7DE2 /* 29th-assignment.app */ = {isa = PBXFileReference; explicitFileType = wrapper.application; includeInIndex = 0; path = "29th-assignment.app"; sourceTree = BUILT_PRODUCTS_DIR; };
		4FD1827D270DD75700BC7DE2 /* AppDelegate.swift */ = {isa = PBXFileReference; lastKnownFileType = sourcecode.swift; path = AppDelegate.swift; sourceTree = "<group>"; };
		4FD1827F270DD75700BC7DE2 /* SceneDelegate.swift */ = {isa = PBXFileReference; lastKnownFileType = sourcecode.swift; path = SceneDelegate.swift; sourceTree = "<group>"; };
		4FD18281270DD75700BC7DE2 /* LoginVC.swift */ = {isa = PBXFileReference; lastKnownFileType = sourcecode.swift; path = LoginVC.swift; sourceTree = "<group>"; };
		4FD18284270DD75700BC7DE2 /* Base */ = {isa = PBXFileReference; lastKnownFileType = file.storyboard; name = Base; path = Base.lproj/Main.storyboard; sourceTree = "<group>"; };
		4FD18286270DD75900BC7DE2 /* Assets.xcassets */ = {isa = PBXFileReference; lastKnownFileType = folder.assetcatalog; path = Assets.xcassets; sourceTree = "<group>"; };
		4FD18289270DD75900BC7DE2 /* Base */ = {isa = PBXFileReference; lastKnownFileType = file.storyboard; name = Base; path = Base.lproj/LaunchScreen.storyboard; sourceTree = "<group>"; };
		4FD1828B270DD75900BC7DE2 /* Info.plist */ = {isa = PBXFileReference; lastKnownFileType = text.plist.xml; path = Info.plist; sourceTree = "<group>"; };
		4FD182B527104CFB00BC7DE2 /* SignUpVC.swift */ = {isa = PBXFileReference; lastKnownFileType = sourcecode.swift; path = SignUpVC.swift; sourceTree = "<group>"; };
		4FD182B72710658E00BC7DE2 /* CompleteVC.swift */ = {isa = PBXFileReference; lastKnownFileType = sourcecode.swift; path = CompleteVC.swift; sourceTree = "<group>"; };
		4FDDACC12775F50E004DBF03 /* DetailContent.storyboard */ = {isa = PBXFileReference; lastKnownFileType = file.storyboard; path = DetailContent.storyboard; sourceTree = "<group>"; };
		4FDDACC32775F5D0004DBF03 /* DetailContentVC.swift */ = {isa = PBXFileReference; lastKnownFileType = sourcecode.swift; path = DetailContentVC.swift; sourceTree = "<group>"; };
		4FDDACC52775F941004DBF03 /* DetailContent.swift */ = {isa = PBXFileReference; lastKnownFileType = sourcecode.swift; path = DetailContent.swift; sourceTree = "<group>"; };
		4FDDACC727760078004DBF03 /* PresentView.swift */ = {isa = PBXFileReference; lastKnownFileType = sourcecode.swift; path = PresentView.swift; sourceTree = "<group>"; };
/* End PBXFileReference section */

/* Begin PBXFrameworksBuildPhase section */
		4FD18277270DD75600BC7DE2 /* Frameworks */ = {
			isa = PBXFrameworksBuildPhase;
			buildActionMask = 2147483647;
			files = (
			);
			runOnlyForDeploymentPostprocessing = 0;
		};
/* End PBXFrameworksBuildPhase section */

/* Begin PBXGroup section */
		4F01E4D9272FD98D00785744 /* Extensions */ = {
			isa = PBXGroup;
			children = (
				4F01E4DA272FD9A200785744 /* UIView+IBInspectable.swift */,
				4F2AE03127426577006785E4 /* UIViewController+makeAlert.swift */,
			);
			path = Extensions;
			sourceTree = "<group>";
		};
		4F4256DD272215960001F62E /* Sign */ = {
			isa = PBXGroup;
			children = (
				4F4256DF272216250001F62E /* Storyboard */,
				4F4256DE272216180001F62E /* Controllers */,
			);
			path = Sign;
			sourceTree = "<group>";
		};
		4F4256DE272216180001F62E /* Controllers */ = {
			isa = PBXGroup;
			children = (
				4FD182B527104CFB00BC7DE2 /* SignUpVC.swift */,
				4FD182B72710658E00BC7DE2 /* CompleteVC.swift */,
				4FD18281270DD75700BC7DE2 /* LoginVC.swift */,
			);
			path = Controllers;
			sourceTree = "<group>";
		};
		4F4256DF272216250001F62E /* Storyboard */ = {
			isa = PBXGroup;
			children = (
				4FD18283270DD75700BC7DE2 /* Main.storyboard */,
			);
			path = Storyboard;
			sourceTree = "<group>";
		};
		4F4256E6272219200001F62E /* TabBar */ = {
			isa = PBXGroup;
			children = (
				4F4256E0272217870001F62E /* TabBar.storyboard */,
				4F4256E42722184B0001F62E /* TBC.swift */,
			);
			path = TabBar;
			sourceTree = "<group>";
		};
		4F4256E72722194E0001F62E /* Screens */ = {
			isa = PBXGroup;
			children = (
				4F4256E827221A190001F62E /* Home */,
				4F4256DD272215960001F62E /* Sign */,
				4F425708272227060001F62E /* Library */,
				4F425701272225BA0001F62E /* Subscribe */,
				4F4256F8272224320001F62E /* Add */,
				4F4256F1272221320001F62E /* Shorts */,
				4F4256E6272219200001F62E /* TabBar */,
			);
			path = Screens;
			sourceTree = "<group>";
		};
		4F4256E827221A190001F62E /* Home */ = {
			isa = PBXGroup;
			children = (
				4F819C46272BD194008B41DD /* Model */,
				4F819C41272BC449008B41DD /* Cells */,
				4F4256EC27221A4A0001F62E /* Storyboard */,
				4F4256EB27221A400001F62E /* Controller */,
			);
			path = Home;
			sourceTree = "<group>";
		};
		4F4256EB27221A400001F62E /* Controller */ = {
			isa = PBXGroup;
			children = (
				4F4256EF2722202D0001F62E /* HomeVC.swift */,
				4F819C55272BF4EA008B41DD /* HomeVC+CollectionView.swift */,
				4F819C4D272BE38C008B41DD /* HomeVC+TableView.swift */,
				4FDDACC32775F5D0004DBF03 /* DetailContentVC.swift */,
			);
			path = Controller;
			sourceTree = "<group>";
		};
		4F4256EC27221A4A0001F62E /* Storyboard */ = {
			isa = PBXGroup;
			children = (
				4F4256ED27221A7F0001F62E /* Home.storyboard */,
				4FDDACC12775F50E004DBF03 /* DetailContent.storyboard */,
			);
			path = Storyboard;
			sourceTree = "<group>";
		};
		4F4256F1272221320001F62E /* Shorts */ = {
			isa = PBXGroup;
			children = (
				4F4256F3272221470001F62E /* Storyboard */,
				4F4256F22722213F0001F62E /* Controller */,
			);
			path = Shorts;
			sourceTree = "<group>";
		};
		4F4256F22722213F0001F62E /* Controller */ = {
			isa = PBXGroup;
			children = (
				4F4256F4272221650001F62E /* ShortsVC.swift */,
			);
			path = Controller;
			sourceTree = "<group>";
		};
		4F4256F3272221470001F62E /* Storyboard */ = {
			isa = PBXGroup;
			children = (
				4F4256F6272221740001F62E /* Shorts.storyboard */,
			);
			path = Storyboard;
			sourceTree = "<group>";
		};
		4F4256F8272224320001F62E /* Add */ = {
			isa = PBXGroup;
			children = (
				4F4256FA272224470001F62E /* Controller */,
				4F4256F92722243F0001F62E /* Storyboard */,
			);
			path = Add;
			sourceTree = "<group>";
		};
		4F4256F92722243F0001F62E /* Storyboard */ = {
			isa = PBXGroup;
			children = (
				4F4256FD2722246B0001F62E /* Add.storyboard */,
			);
			path = Storyboard;
			sourceTree = "<group>";
		};
		4F4256FA272224470001F62E /* Controller */ = {
			isa = PBXGroup;
			children = (
				4F4256FF272224970001F62E /* AddVC.swift */,
			);
			path = Controller;
			sourceTree = "<group>";
		};
		4F425701272225BA0001F62E /* Subscribe */ = {
			isa = PBXGroup;
			children = (
				4F425703272225CC0001F62E /* Storyboard */,
				4F425702272225C20001F62E /* Controller */,
			);
			path = Subscribe;
			sourceTree = "<group>";
		};
		4F425702272225C20001F62E /* Controller */ = {
			isa = PBXGroup;
			children = (
				4F4257042722263F0001F62E /* SubscriptionsVC.swift */,
			);
			path = Controller;
			sourceTree = "<group>";
		};
		4F425703272225CC0001F62E /* Storyboard */ = {
			isa = PBXGroup;
			children = (
				4F4257062722264F0001F62E /* Subscriptions.storyboard */,
			);
			path = Storyboard;
			sourceTree = "<group>";
		};
		4F425708272227060001F62E /* Library */ = {
			isa = PBXGroup;
			children = (
				4F42570A272228A60001F62E /* Storyboard */,
				4F425709272228910001F62E /* Controller */,
			);
			path = Library;
			sourceTree = "<group>";
		};
		4F425709272228910001F62E /* Controller */ = {
			isa = PBXGroup;
			children = (
				4F42570B272228C10001F62E /* LibraryVC.swift */,
			);
			path = Controller;
			sourceTree = "<group>";
		};
		4F42570A272228A60001F62E /* Storyboard */ = {
			isa = PBXGroup;
			children = (
				4F42570D272228D10001F62E /* Library.storyboard */,
			);
			path = Storyboard;
			sourceTree = "<group>";
		};
		4F819C41272BC449008B41DD /* Cells */ = {
			isa = PBXGroup;
			children = (
				4F819C42272BCA6B008B41DD /* ThumbnailTVC.swift */,
				4F819C43272BCA6B008B41DD /* ThumbnailTVC.xib */,
				4F819C4F272BF03D008B41DD /* ChannelCVC.swift */,
				4F819C50272BF03D008B41DD /* ChannelCVC.xib */,
				4F838C98272DAEF0008D4DFB /* TagCVC.swift */,
				4F838C99272DAEF0008D4DFB /* TagCVC.xib */,
			);
			path = Cells;
			sourceTree = "<group>";
		};
		4F819C46272BD194008B41DD /* Model */ = {
			isa = PBXGroup;
			children = (
				4F819C47272BD1B2008B41DD /* Thumbnail.swift */,
				4F819C49272BD8CF008B41DD /* HomeManager.swift */,
				4F819C53272BF20D008B41DD /* Channel.swift */,
				4F838C91272DA871008D4DFB /* Tag.swift */,
				4FDDACC52775F941004DBF03 /* DetailContent.swift */,
			);
			path = Model;
			sourceTree = "<group>";
		};
		4F838C93272DA97B008D4DFB /* Protocols */ = {
			isa = PBXGroup;
			children = (
				4F838C94272DA98E008D4DFB /* CellProtocol.swift */,
				4F838C9C272DB2C3008D4DFB /* ChannelManger.swift */,
				4F838C9E272DB2EA008D4DFB /* ThumbnailManager.swift */,
				4F838CA0272DB481008D4DFB /* TagManager.swift */,
				4FDDACC727760078004DBF03 /* PresentView.swift */,
			);
			path = Protocols;
			sourceTree = "<group>";
		};
		4FB8EFC6274102C700A5BB7E /* Networks */ = {
			isa = PBXGroup;
			children = (
				4FB8EFCB2741050600A5BB7E /* Model */,
				4FB8EFC72741037300A5BB7E /* APIConstants.swift */,
				4FB8EFCC2741055200A5BB7E /* UserSignService.swift */,
				4FB8EFCE2741060C00A5BB7E /* NetworkError.swift */,
			);
			path = Networks;
			sourceTree = "<group>";
		};
		4FB8EFC9274103BE00A5BB7E /* Config */ = {
			isa = PBXGroup;
			children = (
				4FB8EFCA274103D300A5BB7E /* Debug.xcconfig */,
			);
			path = Config;
			sourceTree = "<group>";
		};
		4FB8EFCB2741050600A5BB7E /* Model */ = {
			isa = PBXGroup;
			children = (
				4FB8EFD02741262500A5BB7E /* AuthRequest.swift */,
				4FB8EFD22741263A00A5BB7E /* AuthResponse.swift */,
			);
			path = Model;
			sourceTree = "<group>";
		};
		4FD18271270DD75600BC7DE2 = {
			isa = PBXGroup;
			children = (
				4FB8EFC9274103BE00A5BB7E /* Config */,
				4FD1827C270DD75700BC7DE2 /* 29th-assignment */,
				4FD1827B270DD75700BC7DE2 /* Products */,
			);
			sourceTree = "<group>";
		};
		4FD1827B270DD75700BC7DE2 /* Products */ = {
			isa = PBXGroup;
			children = (
				4FD1827A270DD75700BC7DE2 /* 29th-assignment.app */,
			);
			name = Products;
			sourceTree = "<group>";
		};
		4FD1827C270DD75700BC7DE2 /* 29th-assignment */ = {
			isa = PBXGroup;
			children = (
				4FB8EFC6274102C700A5BB7E /* Networks */,
				4F01E4D9272FD98D00785744 /* Extensions */,
				4F838C93272DA97B008D4DFB /* Protocols */,
				4F4256E72722194E0001F62E /* Screens */,
				4FD1827D270DD75700BC7DE2 /* AppDelegate.swift */,
				4FD1827F270DD75700BC7DE2 /* SceneDelegate.swift */,
				4FD18286270DD75900BC7DE2 /* Assets.xcassets */,
				4FD18288270DD75900BC7DE2 /* LaunchScreen.storyboard */,
				4FD1828B270DD75900BC7DE2 /* Info.plist */,
			);
			path = "29th-assignment";
			sourceTree = "<group>";
		};
/* End PBXGroup section */

/* Begin PBXNativeTarget section */
		4FD18279270DD75600BC7DE2 /* 29th-assignment */ = {
			isa = PBXNativeTarget;
			buildConfigurationList = 4FD1828E270DD75900BC7DE2 /* Build configuration list for PBXNativeTarget "29th-assignment" */;
			buildPhases = (
				4FD18276270DD75600BC7DE2 /* Sources */,
				4FD18277270DD75600BC7DE2 /* Frameworks */,
				4FD18278270DD75600BC7DE2 /* Resources */,
			);
			buildRules = (
			);
			dependencies = (
			);
			name = "29th-assignment";
			productName = "29th-week1-assignment";
			productReference = 4FD1827A270DD75700BC7DE2 /* 29th-assignment.app */;
			productType = "com.apple.product-type.application";
		};
/* End PBXNativeTarget section */

/* Begin PBXProject section */
		4FD18272270DD75600BC7DE2 /* Project object */ = {
			isa = PBXProject;
			attributes = {
				BuildIndependentTargetsInParallel = 1;
				LastSwiftUpdateCheck = 1300;
				LastUpgradeCheck = 1300;
				TargetAttributes = {
					4FD18279270DD75600BC7DE2 = {
						CreatedOnToolsVersion = 13.0;
					};
				};
			};
			buildConfigurationList = 4FD18275270DD75600BC7DE2 /* Build configuration list for PBXProject "29th-assignment" */;
			compatibilityVersion = "Xcode 13.0";
			developmentRegion = en;
			hasScannedForEncodings = 0;
			knownRegions = (
				en,
				Base,
			);
			mainGroup = 4FD18271270DD75600BC7DE2;
			productRefGroup = 4FD1827B270DD75700BC7DE2 /* Products */;
			projectDirPath = "";
			projectRoot = "";
			targets = (
				4FD18279270DD75600BC7DE2 /* 29th-assignment */,
			);
		};
/* End PBXProject section */

/* Begin PBXResourcesBuildPhase section */
		4FD18278270DD75600BC7DE2 /* Resources */ = {
			isa = PBXResourcesBuildPhase;
			buildActionMask = 2147483647;
			files = (
				4F4256E1272217870001F62E /* TabBar.storyboard in Resources */,
				4F4256EE27221A7F0001F62E /* Home.storyboard in Resources */,
				4FDDACC22775F50E004DBF03 /* DetailContent.storyboard in Resources */,
				4F819C45272BCA6B008B41DD /* ThumbnailTVC.xib in Resources */,
				4F4256FE2722246B0001F62E /* Add.storyboard in Resources */,
				4FD1828A270DD75900BC7DE2 /* LaunchScreen.storyboard in Resources */,
				4F42570E272228D10001F62E /* Library.storyboard in Resources */,
				4F4256F7272221740001F62E /* Shorts.storyboard in Resources */,
				4F819C52272BF03D008B41DD /* ChannelCVC.xib in Resources */,
				4F4257072722264F0001F62E /* Subscriptions.storyboard in Resources */,
				4FD18287270DD75900BC7DE2 /* Assets.xcassets in Resources */,
				4FD18285270DD75700BC7DE2 /* Main.storyboard in Resources */,
				4F838C9B272DAEF0008D4DFB /* TagCVC.xib in Resources */,
			);
			runOnlyForDeploymentPostprocessing = 0;
		};
/* End PBXResourcesBuildPhase section */

/* Begin PBXSourcesBuildPhase section */
		4FD18276270DD75600BC7DE2 /* Sources */ = {
			isa = PBXSourcesBuildPhase;
			buildActionMask = 2147483647;
			files = (
				4F819C51272BF03D008B41DD /* ChannelCVC.swift in Sources */,
				4FB8EFCF2741060C00A5BB7E /* NetworkError.swift in Sources */,
				4F42570C272228C10001F62E /* LibraryVC.swift in Sources */,
				4FB8EFC82741037300A5BB7E /* APIConstants.swift in Sources */,
				4F425700272224970001F62E /* AddVC.swift in Sources */,
				4F819C4A272BD8CF008B41DD /* HomeManager.swift in Sources */,
				4F819C54272BF20D008B41DD /* Channel.swift in Sources */,
				4FD182B627104CFB00BC7DE2 /* SignUpVC.swift in Sources */,
				4F4256F02722202D0001F62E /* HomeVC.swift in Sources */,
				4FDDACC62775F941004DBF03 /* DetailContent.swift in Sources */,
				4F4256E52722184B0001F62E /* TBC.swift in Sources */,
				4F819C48272BD1B2008B41DD /* Thumbnail.swift in Sources */,
				4F838C95272DA98E008D4DFB /* CellProtocol.swift in Sources */,
				4F838CA1272DB481008D4DFB /* TagManager.swift in Sources */,
				4FD18282270DD75700BC7DE2 /* LoginVC.swift in Sources */,
				4FD182B82710658E00BC7DE2 /* CompleteVC.swift in Sources */,
				4F838C92272DA871008D4DFB /* Tag.swift in Sources */,
				4F4256F5272221650001F62E /* ShortsVC.swift in Sources */,
				4FB8EFD12741262500A5BB7E /* AuthRequest.swift in Sources */,
				4FD1827E270DD75700BC7DE2 /* AppDelegate.swift in Sources */,
				4F819C4E272BE38C008B41DD /* HomeVC+TableView.swift in Sources */,
				4F819C56272BF4EA008B41DD /* HomeVC+CollectionView.swift in Sources */,
				4F838C9F272DB2EA008D4DFB /* ThumbnailManager.swift in Sources */,
				4FD18280270DD75700BC7DE2 /* SceneDelegate.swift in Sources */,
				4FDDACC42775F5D0004DBF03 /* DetailContentVC.swift in Sources */,
				4F838C9A272DAEF0008D4DFB /* TagCVC.swift in Sources */,
				4F838C9D272DB2C4008D4DFB /* ChannelManger.swift in Sources */,
				4F819C44272BCA6B008B41DD /* ThumbnailTVC.swift in Sources */,
				4F4257052722263F0001F62E /* SubscriptionsVC.swift in Sources */,
				4FB8EFCD2741055200A5BB7E /* UserSignService.swift in Sources */,
				4F2AE03227426577006785E4 /* UIViewController+makeAlert.swift in Sources */,
				4FB8EFD32741263A00A5BB7E /* AuthResponse.swift in Sources */,
				4FDDACC827760078004DBF03 /* PresentView.swift in Sources */,
				4F01E4DB272FD9A200785744 /* UIView+IBInspectable.swift in Sources */,
			);
			runOnlyForDeploymentPostprocessing = 0;
		};
/* End PBXSourcesBuildPhase section */

/* Begin PBXVariantGroup section */
		4FD18283270DD75700BC7DE2 /* Main.storyboard */ = {
			isa = PBXVariantGroup;
			children = (
				4FD18284270DD75700BC7DE2 /* Base */,
			);
			name = Main.storyboard;
			sourceTree = "<group>";
		};
		4FD18288270DD75900BC7DE2 /* LaunchScreen.storyboard */ = {
			isa = PBXVariantGroup;
			children = (
				4FD18289270DD75900BC7DE2 /* Base */,
			);
			name = LaunchScreen.storyboard;
			sourceTree = "<group>";
		};
/* End PBXVariantGroup section */

/* Begin XCBuildConfiguration section */
		4FD1828C270DD75900BC7DE2 /* Debug */ = {
			isa = XCBuildConfiguration;
			buildSettings = {
				ALWAYS_SEARCH_USER_PATHS = NO;
				CLANG_ANALYZER_NONNULL = YES;
				CLANG_ANALYZER_NUMBER_OBJECT_CONVERSION = YES_AGGRESSIVE;
				CLANG_CXX_LANGUAGE_STANDARD = "gnu++17";
				CLANG_CXX_LIBRARY = "libc++";
				CLANG_ENABLE_MODULES = YES;
				CLANG_ENABLE_OBJC_ARC = YES;
				CLANG_ENABLE_OBJC_WEAK = YES;
				CLANG_WARN_BLOCK_CAPTURE_AUTORELEASING = YES;
				CLANG_WARN_BOOL_CONVERSION = YES;
				CLANG_WARN_COMMA = YES;
				CLANG_WARN_CONSTANT_CONVERSION = YES;
				CLANG_WARN_DEPRECATED_OBJC_IMPLEMENTATIONS = YES;
				CLANG_WARN_DIRECT_OBJC_ISA_USAGE = YES_ERROR;
				CLANG_WARN_DOCUMENTATION_COMMENTS = YES;
				CLANG_WARN_EMPTY_BODY = YES;
				CLANG_WARN_ENUM_CONVERSION = YES;
				CLANG_WARN_INFINITE_RECURSION = YES;
				CLANG_WARN_INT_CONVERSION = YES;
				CLANG_WARN_NON_LITERAL_NULL_CONVERSION = YES;
				CLANG_WARN_OBJC_IMPLICIT_RETAIN_SELF = YES;
				CLANG_WARN_OBJC_LITERAL_CONVERSION = YES;
				CLANG_WARN_OBJC_ROOT_CLASS = YES_ERROR;
				CLANG_WARN_QUOTED_INCLUDE_IN_FRAMEWORK_HEADER = YES;
				CLANG_WARN_RANGE_LOOP_ANALYSIS = YES;
				CLANG_WARN_STRICT_PROTOTYPES = YES;
				CLANG_WARN_SUSPICIOUS_MOVE = YES;
				CLANG_WARN_UNGUARDED_AVAILABILITY = YES_AGGRESSIVE;
				CLANG_WARN_UNREACHABLE_CODE = YES;
				CLANG_WARN__DUPLICATE_METHOD_MATCH = YES;
				COPY_PHASE_STRIP = NO;
				DEBUG_INFORMATION_FORMAT = dwarf;
				ENABLE_STRICT_OBJC_MSGSEND = YES;
				ENABLE_TESTABILITY = YES;
				GCC_C_LANGUAGE_STANDARD = gnu11;
				GCC_DYNAMIC_NO_PIC = NO;
				GCC_NO_COMMON_BLOCKS = YES;
				GCC_OPTIMIZATION_LEVEL = 0;
				GCC_PREPROCESSOR_DEFINITIONS = (
					"DEBUG=1",
					"$(inherited)",
				);
				GCC_WARN_64_TO_32_BIT_CONVERSION = YES;
				GCC_WARN_ABOUT_RETURN_TYPE = YES_ERROR;
				GCC_WARN_UNDECLARED_SELECTOR = YES;
				GCC_WARN_UNINITIALIZED_AUTOS = YES_AGGRESSIVE;
				GCC_WARN_UNUSED_FUNCTION = YES;
				GCC_WARN_UNUSED_VARIABLE = YES;
				IPHONEOS_DEPLOYMENT_TARGET = 15.0;
				MTL_ENABLE_DEBUG_INFO = INCLUDE_SOURCE;
				MTL_FAST_MATH = YES;
				ONLY_ACTIVE_ARCH = YES;
				SDKROOT = iphoneos;
				SWIFT_ACTIVE_COMPILATION_CONDITIONS = DEBUG;
				SWIFT_OPTIMIZATION_LEVEL = "-Onone";
			};
			name = Debug;
		};
		4FD1828D270DD75900BC7DE2 /* Release */ = {
			isa = XCBuildConfiguration;
			buildSettings = {
				ALWAYS_SEARCH_USER_PATHS = NO;
				CLANG_ANALYZER_NONNULL = YES;
				CLANG_ANALYZER_NUMBER_OBJECT_CONVERSION = YES_AGGRESSIVE;
				CLANG_CXX_LANGUAGE_STANDARD = "gnu++17";
				CLANG_CXX_LIBRARY = "libc++";
				CLANG_ENABLE_MODULES = YES;
				CLANG_ENABLE_OBJC_ARC = YES;
				CLANG_ENABLE_OBJC_WEAK = YES;
				CLANG_WARN_BLOCK_CAPTURE_AUTORELEASING = YES;
				CLANG_WARN_BOOL_CONVERSION = YES;
				CLANG_WARN_COMMA = YES;
				CLANG_WARN_CONSTANT_CONVERSION = YES;
				CLANG_WARN_DEPRECATED_OBJC_IMPLEMENTATIONS = YES;
				CLANG_WARN_DIRECT_OBJC_ISA_USAGE = YES_ERROR;
				CLANG_WARN_DOCUMENTATION_COMMENTS = YES;
				CLANG_WARN_EMPTY_BODY = YES;
				CLANG_WARN_ENUM_CONVERSION = YES;
				CLANG_WARN_INFINITE_RECURSION = YES;
				CLANG_WARN_INT_CONVERSION = YES;
				CLANG_WARN_NON_LITERAL_NULL_CONVERSION = YES;
				CLANG_WARN_OBJC_IMPLICIT_RETAIN_SELF = YES;
				CLANG_WARN_OBJC_LITERAL_CONVERSION = YES;
				CLANG_WARN_OBJC_ROOT_CLASS = YES_ERROR;
				CLANG_WARN_QUOTED_INCLUDE_IN_FRAMEWORK_HEADER = YES;
				CLANG_WARN_RANGE_LOOP_ANALYSIS = YES;
				CLANG_WARN_STRICT_PROTOTYPES = YES;
				CLANG_WARN_SUSPICIOUS_MOVE = YES;
				CLANG_WARN_UNGUARDED_AVAILABILITY = YES_AGGRESSIVE;
				CLANG_WARN_UNREACHABLE_CODE = YES;
				CLANG_WARN__DUPLICATE_METHOD_MATCH = YES;
				COPY_PHASE_STRIP = NO;
				DEBUG_INFORMATION_FORMAT = "dwarf-with-dsym";
				ENABLE_NS_ASSERTIONS = NO;
				ENABLE_STRICT_OBJC_MSGSEND = YES;
				GCC_C_LANGUAGE_STANDARD = gnu11;
				GCC_NO_COMMON_BLOCKS = YES;
				GCC_WARN_64_TO_32_BIT_CONVERSION = YES;
				GCC_WARN_ABOUT_RETURN_TYPE = YES_ERROR;
				GCC_WARN_UNDECLARED_SELECTOR = YES;
				GCC_WARN_UNINITIALIZED_AUTOS = YES_AGGRESSIVE;
				GCC_WARN_UNUSED_FUNCTION = YES;
				GCC_WARN_UNUSED_VARIABLE = YES;
				IPHONEOS_DEPLOYMENT_TARGET = 15.0;
				MTL_ENABLE_DEBUG_INFO = NO;
				MTL_FAST_MATH = YES;
				SDKROOT = iphoneos;
				SWIFT_COMPILATION_MODE = wholemodule;
				SWIFT_OPTIMIZATION_LEVEL = "-O";
				VALIDATE_PRODUCT = YES;
			};
			name = Release;
		};
		4FD1828F270DD75900BC7DE2 /* Debug */ = {
			isa = XCBuildConfiguration;
			baseConfigurationReference = 4FB8EFCA274103D300A5BB7E /* Debug.xcconfig */;
			buildSettings = {
				ASSETCATALOG_COMPILER_APPICON_NAME = AppIcon;
				ASSETCATALOG_COMPILER_GLOBAL_ACCENT_COLOR_NAME = AccentColor;
				CODE_SIGN_STYLE = Automatic;
				CURRENT_PROJECT_VERSION = 1;
				GENERATE_INFOPLIST_FILE = YES;
				INFOPLIST_FILE = "29th-assignment/Info.plist";
				INFOPLIST_KEY_UIApplicationSupportsIndirectInputEvents = YES;
				INFOPLIST_KEY_UILaunchStoryboardName = LaunchScreen;
				INFOPLIST_KEY_UIMainStoryboardFile = Main;
				INFOPLIST_KEY_UISupportedInterfaceOrientations_iPad = "UIInterfaceOrientationPortrait UIInterfaceOrientationPortraitUpsideDown UIInterfaceOrientationLandscapeLeft UIInterfaceOrientationLandscapeRight";
				INFOPLIST_KEY_UISupportedInterfaceOrientations_iPhone = "UIInterfaceOrientationPortrait UIInterfaceOrientationLandscapeLeft UIInterfaceOrientationLandscapeRight";
				LD_RUNPATH_SEARCH_PATHS = (
					"$(inherited)",
					"@executable_path/Frameworks",
				);
				MARKETING_VERSION = 1.0;
				PRODUCT_BUNDLE_IDENTIFIER = "com.noah.-29th-assignment";
				PRODUCT_NAME = "$(TARGET_NAME)";
				SWIFT_EMIT_LOC_STRINGS = YES;
				SWIFT_VERSION = 5.0;
				TARGETED_DEVICE_FAMILY = "1,2";
			};
			name = Debug;
		};
		4FD18290270DD75900BC7DE2 /* Release */ = {
			isa = XCBuildConfiguration;
			baseConfigurationReference = 4FB8EFCA274103D300A5BB7E /* Debug.xcconfig */;
			buildSettings = {
				ASSETCATALOG_COMPILER_APPICON_NAME = AppIcon;
				ASSETCATALOG_COMPILER_GLOBAL_ACCENT_COLOR_NAME = AccentColor;
				CODE_SIGN_STYLE = Automatic;
				CURRENT_PROJECT_VERSION = 1;
				GENERATE_INFOPLIST_FILE = YES;
				INFOPLIST_FILE = "29th-assignment/Info.plist";
				INFOPLIST_KEY_UIApplicationSupportsIndirectInputEvents = YES;
				INFOPLIST_KEY_UILaunchStoryboardName = LaunchScreen;
				INFOPLIST_KEY_UIMainStoryboardFile = Main;
				INFOPLIST_KEY_UISupportedInterfaceOrientations_iPad = "UIInterfaceOrientationPortrait UIInterfaceOrientationPortraitUpsideDown UIInterfaceOrientationLandscapeLeft UIInterfaceOrientationLandscapeRight";
				INFOPLIST_KEY_UISupportedInterfaceOrientations_iPhone = "UIInterfaceOrientationPortrait UIInterfaceOrientationLandscapeLeft UIInterfaceOrientationLandscapeRight";
				LD_RUNPATH_SEARCH_PATHS = (
					"$(inherited)",
					"@executable_path/Frameworks",
				);
				MARKETING_VERSION = 1.0;
				PRODUCT_BUNDLE_IDENTIFIER = "com.noah.-29th-assignment";
				PRODUCT_NAME = "$(TARGET_NAME)";
				SWIFT_EMIT_LOC_STRINGS = YES;
				SWIFT_VERSION = 5.0;
				TARGETED_DEVICE_FAMILY = "1,2";
			};
			name = Release;
		};
/* End XCBuildConfiguration section */

/* Begin XCConfigurationList section */
		4FD18275270DD75600BC7DE2 /* Build configuration list for PBXProject "29th-assignment" */ = {
			isa = XCConfigurationList;
			buildConfigurations = (
				4FD1828C270DD75900BC7DE2 /* Debug */,
				4FD1828D270DD75900BC7DE2 /* Release */,
			);
			defaultConfigurationIsVisible = 0;
			defaultConfigurationName = Debug;
		};
		4FD1828E270DD75900BC7DE2 /* Build configuration list for PBXNativeTarget "29th-assignment" */ = {
			isa = XCConfigurationList;
			buildConfigurations = (
				4FD1828F270DD75900BC7DE2 /* Debug */,
				4FD18290270DD75900BC7DE2 /* Release */,
			);
			defaultConfigurationIsVisible = 0;
			defaultConfigurationName = Debug;
		};
/* End XCConfigurationList section */
	};
	rootObject = 4FD18272270DD75600BC7DE2 /* Project object */;
}
